// !$*UTF8*$!
{
	archiveVersion = 1;
	classes = {
	};
	objectVersion = 46;
	objects = {

/* Begin PBXBuildFile section */
		D06588E719ECEAA800125211 /* main.m in Sources */ = {isa = PBXBuildFile; fileRef = D06588E619ECEAA800125211 /* main.m */; };
		D06588EA19ECEAA800125211 /* AppDelegate.m in Sources */ = {isa = PBXBuildFile; fileRef = D06588E919ECEAA800125211 /* AppDelegate.m */; };
		D06588EC19ECEAA800125211 /* Images.xcassets in Resources */ = {isa = PBXBuildFile; fileRef = D06588EB19ECEAA800125211 /* Images.xcassets */; };
		D06588EF19ECEAA800125211 /* LaunchScreen.xib in Resources */ = {isa = PBXBuildFile; fileRef = D06588ED19ECEAA800125211 /* LaunchScreen.xib */; };
		D06588FB19ECEAA800125211 /* QuizTests.m in Sources */ = {isa = PBXBuildFile; fileRef = D06588FA19ECEAA800125211 /* QuizTests.m */; };
/* End PBXBuildFile section */

/* Begin PBXContainerItemProxy section */
		D06588F519ECEAA800125211 /* PBXContainerItemProxy */ = {
			isa = PBXContainerItemProxy;
			containerPortal = D06588D919ECEAA800125211 /* Project object */;
			proxyType = 1;
			remoteGlobalIDString = D06588E019ECEAA800125211;
			remoteInfo = Quiz;
		};
/* End PBXContainerItemProxy section */

/* Begin PBXFileReference section */
		D06588E119ECEAA800125211 /* Quiz.app */ = {isa = PBXFileReference; explicitFileType = wrapper.application; includeInIndex = 0; path = Quiz.app; sourceTree = BUILT_PRODUCTS_DIR; };
		D06588E519ECEAA800125211 /* Info.plist */ = {isa = PBXFileReference; lastKnownFileType = text.plist.xml; path = Info.plist; sourceTree = "<group>"; };
		D06588E619ECEAA800125211 /* main.m */ = {isa = PBXFileReference; lastKnownFileType = sourcecode.c.objc; path = main.m; sourceTree = "<group>"; };
		D06588E819ECEAA800125211 /* AppDelegate.h */ = {isa = PBXFileReference; lastKnownFileType = sourcecode.c.h; path = AppDelegate.h; sourceTree = "<group>"; };
		D06588E919ECEAA800125211 /* AppDelegate.m */ = {isa = PBXFileReference; lastKnownFileType = sourcecode.c.objc; path = AppDelegate.m; sourceTree = "<group>"; };
		D06588EB19ECEAA800125211 /* Images.xcassets */ = {isa = PBXFileReference; lastKnownFileType = folder.assetcatalog; path = Images.xcassets; sourceTree = "<group>"; };
		D06588EE19ECEAA800125211 /* Base */ = {isa = PBXFileReference; lastKnownFileType = file.xib; name = Base; path = Base.lproj/LaunchScreen.xib; sourceTree = "<group>"; };
		D06588F419ECEAA800125211 /* QuizTests.xctest */ = {isa = PBXFileReference; explicitFileType = wrapper.cfbundle; includeInIndex = 0; path = QuizTests.xctest; sourceTree = BUILT_PRODUCTS_DIR; };
		D06588F919ECEAA800125211 /* Info.plist */ = {isa = PBXFileReference; lastKnownFileType = text.plist.xml; path = Info.plist; sourceTree = "<group>"; };
		D06588FA19ECEAA800125211 /* QuizTests.m */ = {isa = PBXFileReference; lastKnownFileType = sourcecode.c.objc; path = QuizTests.m; sourceTree = "<group>"; };
/* End PBXFileReference section */

/* Begin PBXFrameworksBuildPhase section */
		D06588DE19ECEAA800125211 /* Frameworks */ = {
			isa = PBXFrameworksBuildPhase;
			buildActionMask = 2147483647;
			files = (
			);
			runOnlyForDeploymentPostprocessing = 0;
		};
		D06588F119ECEAA800125211 /* Frameworks */ = {
			isa = PBXFrameworksBuildPhase;
			buildActionMask = 2147483647;
			files = (
			);
			runOnlyForDeploymentPostprocessing = 0;
		};
/* End PBXFrameworksBuildPhase section */

/* Begin PBXGroup section */
		D06588D819ECEAA800125211 = {
			isa = PBXGroup;
			children = (
				D06588E319ECEAA800125211 /* Quiz */,
				D06588F719ECEAA800125211 /* QuizTests */,
				D06588E219ECEAA800125211 /* Products */,
			);
			sourceTree = "<group>";
		};
		D06588E219ECEAA800125211 /* Products */ = {
			isa = PBXGroup;
			children = (
				D06588E119ECEAA800125211 /* Quiz.app */,
				D06588F419ECEAA800125211 /* QuizTests.xctest */,
			);
			name = Products;
			sourceTree = "<group>";
		};
		D06588E319ECEAA800125211 /* Quiz */ = {
			isa = PBXGroup;
			children = (
				D06588E819ECEAA800125211 /* AppDelegate.h */,
				D06588E919ECEAA800125211 /* AppDelegate.m */,
				D06588EB19ECEAA800125211 /* Images.xcassets */,
				D06588ED19ECEAA800125211 /* LaunchScreen.xib */,
				D06588E419ECEAA800125211 /* Supporting Files */,
			);
			path = Quiz;
			sourceTree = "<group>";
		};
		D06588E419ECEAA800125211 /* Supporting Files */ = {
			isa = PBXGroup;
			children = (
				D06588E519ECEAA800125211 /* Info.plist */,
				D06588E619ECEAA800125211 /* main.m */,
			);
			name = "Supporting Files";
			sourceTree = "<group>";
		};
		D06588F719ECEAA800125211 /* QuizTests */ = {
			isa = PBXGroup;
			children = (
				D06588FA19ECEAA800125211 /* QuizTests.m */,
				D06588F819ECEAA800125211 /* Supporting Files */,
			);
			path = QuizTests;
			sourceTree = "<group>";
		};
		D06588F819ECEAA800125211 /* Supporting Files */ = {
			isa = PBXGroup;
			children = (
				D06588F919ECEAA800125211 /* Info.plist */,
			);
			name = "Supporting Files";
			sourceTree = "<group>";
		};
/* End PBXGroup section */

/* Begin PBXNativeTarget section */
		D06588E019ECEAA800125211 /* Quiz */ = {
			isa = PBXNativeTarget;
			buildConfigurationList = D06588FE19ECEAA800125211 /* Build configuration list for PBXNativeTarget "Quiz" */;
			buildPhases = (
				D06588DD19ECEAA800125211 /* Sources */,
				D06588DE19ECEAA800125211 /* Frameworks */,
				D06588DF19ECEAA800125211 /* Resources */,
			);
			buildRules = (
			);
			dependencies = (
			);
			name = Quiz;
			productName = Quiz;
			productReference = D06588E119ECEAA800125211 /* Quiz.app */;
			productType = "com.apple.product-type.application";
		};
		D06588F319ECEAA800125211 /* QuizTests */ = {
			isa = PBXNativeTarget;
			buildConfigurationList = D065890119ECEAA800125211 /* Build configuration list for PBXNativeTarget "QuizTests" */;
			buildPhases = (
				D06588F019ECEAA800125211 /* Sources */,
				D06588F119ECEAA800125211 /* Frameworks */,
				D06588F219ECEAA800125211 /* Resources */,
			);
			buildRules = (
			);
			dependencies = (
				D06588F619ECEAA800125211 /* PBXTargetDependency */,
			);
			name = QuizTests;
			productName = QuizTests;
			productReference = D06588F419ECEAA800125211 /* QuizTests.xctest */;
			productType = "com.apple.product-type.bundle.unit-test";
		};
/* End PBXNativeTarget section */

/* Begin PBXProject section */
		D06588D919ECEAA800125211 /* Project object */ = {
			isa = PBXProject;
			attributes = {
				LastUpgradeCheck = 0600;
				ORGANIZATIONNAME = "Kevin Candelaria";
				TargetAttributes = {
					D06588E019ECEAA800125211 = {
						CreatedOnToolsVersion = 6.0.1;
					};
					D06588F319ECEAA800125211 = {
						CreatedOnToolsVersion = 6.0.1;
						TestTargetID = D06588E019ECEAA800125211;
					};
				};
			};
			buildConfigurationList = D06588DC19ECEAA800125211 /* Build configuration list for PBXProject "Quiz" */;
			compatibilityVersion = "Xcode 3.2";
			developmentRegion = English;
			hasScannedForEncodings = 0;
			knownRegions = (
				en,
				Base,
			);
			mainGroup = D06588D819ECEAA800125211;
			productRefGroup = D06588E219ECEAA800125211 /* Products */;
			projectDirPath = "";
			projectRoot = "";
			targets = (
				D06588E019ECEAA800125211 /* Quiz */,
				D06588F319ECEAA800125211 /* QuizTests */,
			);
		};
/* End PBXProject section */

/* Begin PBXResourcesBuildPhase section */
		D06588DF19ECEAA800125211 /* Resources */ = {
			isa = PBXResourcesBuildPhase;
			buildActionMask = 2147483647;
			files = (
				D06588EF19ECEAA800125211 /* LaunchScreen.xib in Resources */,
				D06588EC19ECEAA800125211 /* Images.xcassets in Resources */,
			);
			runOnlyForDeploymentPostprocessing = 0;
		};
		D06588F219ECEAA800125211 /* Resources */ = {
			isa = PBXResourcesBuildPhase;
			buildActionMask = 2147483647;
			files = (
			);
			runOnlyForDeploymentPostprocessing = 0;
		};
/* End PBXResourcesBuildPhase section */

/* Begin PBXSourcesBuildPhase section */
		D06588DD19ECEAA800125211 /* Sources */ = {
			isa = PBXSourcesBuildPhase;
			buildActionMask = 2147483647;
			files = (
				D06588EA19ECEAA800125211 /* AppDelegate.m in Sources */,
				D06588E719ECEAA800125211 /* main.m in Sources */,
			);
			runOnlyForDeploymentPostprocessing = 0;
		};
		D06588F019ECEAA800125211 /* Sources */ = {
			isa = PBXSourcesBuildPhase;
			buildActionMask = 2147483647;
			files = (
				D06588FB19ECEAA800125211 /* QuizTests.m in Sources */,
			);
			runOnlyForDeploymentPostprocessing = 0;
		};
/* End PBXSourcesBuildPhase section */

/* Begin PBXTargetDependency section */
		D06588F619ECEAA800125211 /* PBXTargetDependency */ = {
			isa = PBXTargetDependency;
			target = D06588E019ECEAA800125211 /* Quiz */;
			targetProxy = D06588F519ECEAA800125211 /* PBXContainerItemProxy */;
		};
/* End PBXTargetDependency section */

/* Begin PBXVariantGroup section */
		D06588ED19ECEAA800125211 /* LaunchScreen.xib */ = {
			isa = PBXVariantGroup;
			children = (
				D06588EE19ECEAA800125211 /* Base */,
			);
			name = LaunchScreen.xib;
			sourceTree = "<group>";
		};
/* End PBXVariantGroup section */

/* Begin XCBuildConfiguration section */
		D06588FC19ECEAA800125211 /* Debug */ = {
			isa = XCBuildConfiguration;
			buildSettings = {
				ALWAYS_SEARCH_USER_PATHS = NO;
				CLANG_CXX_LANGUAGE_STANDARD = "gnu++0x";
				CLANG_CXX_LIBRARY = "libc++";
				CLANG_ENABLE_MODULES = YES;
				CLANG_ENABLE_OBJC_ARC = YES;
				CLANG_WARN_BOOL_CONVERSION = YES;
				CLANG_WARN_CONSTANT_CONVERSION = YES;
				CLANG_WARN_DIRECT_OBJC_ISA_USAGE = YES_ERROR;
				CLANG_WARN_EMPTY_BODY = YES;
				CLANG_WARN_ENUM_CONVERSION = YES;
				CLANG_WARN_INT_CONVERSION = YES;
				CLANG_WARN_OBJC_ROOT_CLASS = YES_ERROR;
				CLANG_WARN_UNREACHABLE_CODE = YES;
				CLANG_WARN__DUPLICATE_METHOD_MATCH = YES;
				"CODE_SIGN_IDENTITY[sdk=iphoneos*]" = "iPhone Developer";
				COPY_PHASE_STRIP = NO;
				ENABLE_STRICT_OBJC_MSGSEND = YES;
				GCC_C_LANGUAGE_STANDARD = gnu99;
				GCC_DYNAMIC_NO_PIC = NO;
				GCC_OPTIMIZATION_LEVEL = 0;
				GCC_PREPROCESSOR_DEFINITIONS = (
					"DEBUG=1",
					"$(inherited)",
				);
				GCC_SYMBOLS_PRIVATE_EXTERN = NO;
				GCC_WARN_64_TO_32_BIT_CONVERSION = YES;
				GCC_WARN_ABOUT_RETURN_TYPE = YES_ERROR;
				GCC_WARN_UNDECLARED_SELECTOR = YES;
				GCC_WARN_UNINITIALIZED_AUTOS = YES_AGGRESSIVE;
				GCC_WARN_UNUSED_FUNCTION = YES;
				GCC_WARN_UNUSED_VARIABLE = YES;
				IPHONEOS_DEPLOYMENT_TARGET = 8.0;
				MTL_ENABLE_DEBUG_INFO = YES;
				ONLY_ACTIVE_ARCH = YES;
				SDKROOT = iphoneos;
			};
			name = Debug;
		};
		D06588FD19ECEAA800125211 /* Release */ = {
			isa = XCBuildConfiguration;
			buildSettings = {
				ALWAYS_SEARCH_USER_PATHS = NO;
				CLANG_CXX_LANGUAGE_STANDARD = "gnu++0x";
				CLANG_CXX_LIBRARY = "libc++";
				CLANG_ENABLE_MODULES = YES;
				CLANG_ENABLE_OBJC_ARC = YES;
				CLANG_WARN_BOOL_CONVERSION = YES;
				CLANG_WARN_CONSTANT_CONVERSION = YES;
				CLANG_WARN_DIRECT_OBJC_ISA_USAGE = YES_ERROR;
				CLANG_WARN_EMPTY_BODY = YES;
				CLANG_WARN_ENUM_CONVERSION = YES;
				CLANG_WARN_INT_CONVERSION = YES;
				CLANG_WARN_OBJC_ROOT_CLASS = YES_ERROR;
				CLANG_WARN_UNREACHABLE_CODE = YES;
				CLANG_WARN__DUPLICATE_METHOD_MATCH = YES;
				"CODE_SIGN_IDENTITY[sdk=iphoneos*]" = "iPhone Developer";
				COPY_PHASE_STRIP = YES;
				ENABLE_NS_ASSERTIONS = NO;
				ENABLE_STRICT_OBJC_MSGSEND = YES;
				GCC_C_LANGUAGE_STANDARD = gnu99;
				GCC_WARN_64_TO_32_BIT_CONVERSION = YES;
				GCC_WARN_ABOUT_RETURN_TYPE = YES_ERROR;
				GCC_WARN_UNDECLARED_SELECTOR = YES;
				GCC_WARN_UNINITIALIZED_AUTOS = YES_AGGRESSIVE;
				GCC_WARN_UNUSED_FUNCTION = YES;
				GCC_WARN_UNUSED_VARIABLE = YES;
				IPHONEOS_DEPLOYMENT_TARGET = 8.0;
				MTL_ENABLE_DEBUG_INFO = NO;
				SDKROOT = iphoneos;
				VALIDATE_PRODUCT = YES;
			};
			name = Release;
		};
		D06588FF19ECEAA800125211 /* Debug */ = {
			isa = XCBuildConfiguration;
			buildSettings = {
				ASSETCATALOG_COMPILER_APPICON_NAME = AppIcon;
				INFOPLIST_FILE = Quiz/Info.plist;
				LD_RUNPATH_SEARCH_PATHS = "$(inherited) @executable_path/Frameworks";
				PRODUCT_NAME = "$(TARGET_NAME)";
			};
			name = Debug;
		};
		D065890019ECEAA800125211 /* Release */ = {
			isa = XCBuildConfiguration;
			buildSettings = {
				ASSETCATALOG_COMPILER_APPICON_NAME = AppIcon;
				INFOPLIST_FILE = Quiz/Info.plist;
				LD_RUNPATH_SEARCH_PATHS = "$(inherited) @executable_path/Frameworks";
				PRODUCT_NAME = "$(TARGET_NAME)";
			};
			name = Release;
		};
		D065890219ECEAA800125211 /* Debug */ = {
			isa = XCBuildConfiguration;
			buildSettings = {
				BUNDLE_LOADER = "$(TEST_HOST)";
				FRAMEWORK_SEARCH_PATHS = (
					"$(SDKROOT)/Developer/Library/Frameworks",
					"$(inherited)",
				);
				GCC_PREPROCESSOR_DEFINITIONS = (
					"DEBUG=1",
					"$(inherited)",
				);
				INFOPLIST_FILE = QuizTests/Info.plist;
				LD_RUNPATH_SEARCH_PATHS = "$(inherited) @executable_path/Frameworks @loader_path/Frameworks";
				PRODUCT_NAME = "$(TARGET_NAME)";
				TEST_HOST = "$(BUILT_PRODUCTS_DIR)/Quiz.app/Quiz";
			};
			name = Debug;
		};
		D065890319ECEAA800125211 /* Release */ = {
			isa = XCBuildConfiguration;
			buildSettings = {
				BUNDLE_LOADER = "$(TEST_HOST)";
				FRAMEWORK_SEARCH_PATHS = (
					"$(SDKROOT)/Developer/Library/Frameworks",
					"$(inherited)",
				);
				INFOPLIST_FILE = QuizTests/Info.plist;
				LD_RUNPATH_SEARCH_PATHS = "$(inherited) @executable_path/Frameworks @loader_path/Frameworks";
				PRODUCT_NAME = "$(TARGET_NAME)";
				TEST_HOST = "$(BUILT_PRODUCTS_DIR)/Quiz.app/Quiz";
			};
			name = Release;
		};
/* End XCBuildConfiguration section */

/* Begin XCConfigurationList section */
		D06588DC19ECEAA800125211 /* Build configuration list for PBXProject "Quiz" */ = {
			isa = XCConfigurationList;
			buildConfigurations = (
				D06588FC19ECEAA800125211 /* Debug */,
				D06588FD19ECEAA800125211 /* Release */,
			);
			defaultConfigurationIsVisible = 0;
			defaultConfigurationName = Release;
		};
		D06588FE19ECEAA800125211 /* Build configuration list for PBXNativeTarget "Quiz" */ = {
			isa = XCConfigurationList;
			buildConfigurations = (
				D06588FF19ECEAA800125211 /* Debug */,
				D065890019ECEAA800125211 /* Release */,
			);
			defaultConfigurationIsVisible = 0;
		};
		D065890119ECEAA800125211 /* Build configuration list for PBXNativeTarget "QuizTests" */ = {
			isa = XCConfigurationList;
			buildConfigurations = (
				D065890219ECEAA800125211 /* Debug */,
				D065890319ECEAA800125211 /* Release */,
			);
			defaultConfigurationIsVisible = 0;
		};
/* End XCConfigurationList section */
	};
	rootObject = D06588D919ECEAA800125211 /* Project object */;
}
